
Microsoft Visual Studio Solution File, Format Version 12.00
# Visual Studio Version 17
VisualStudioVersion = 17.4.33213.308
MinimumVisualStudioVersion = 10.0.40219.1
Project("{FAE04EC0-301F-11D3-BF4B-00C04F79EFBC}") = "MyFirstWPFApplication", "MyFirstWPFApplication\MyFirstWPFApplication.csproj", "{96C2DF22-19F1-4571-8376-69A75730D4F6}"
EndProject
Project("{FAE04EC0-301F-11D3-BF4B-00C04F79EFBC}") = "SecondWPFApplication", "SecondWPFApplication\SecondWPFApplication.csproj", "{0960FE7C-E836-4551-8FF3-174F35039AB3}"
EndProject
Global
	GlobalSection(SolutionConfigurationPlatforms) = preSolution
		Debug|Any CPU = Debug|Any CPU
		Release|Any CPU = Release|Any CPU
	EndGlobalSection
	GlobalSection(ProjectConfigurationPlatforms) = postSolution
		{96C2DF22-19F1-4571-8376-69A75730D4F6}.Debug|Any CPU.ActiveCfg = Debug|Any CPU
		{96C2DF22-19F1-4571-8376-69A75730D4F6}.Debug|Any CPU.Build.0 = Debug|Any CPU
		{96C2DF22-19F1-4571-8376-69A75730D4F6}.Release|Any CPU.ActiveCfg = Release|Any CPU
		{96C2DF22-19F1-4571-8376-69A75730D4F6}.Release|Any CPU.Build.0 = Release|Any CPU
		{0960FE7C-E836-4551-8FF3-174F35039AB3}.Debug|Any CPU.ActiveCfg = Debug|Any CPU
		{0960FE7C-E836-4551-8FF3-174F35039AB3}.Debug|Any CPU.Build.0 = Debug|Any CPU
		{0960FE7C-E836-4551-8FF3-174F35039AB3}.Release|Any CPU.ActiveCfg = Release|Any CPU
		{0960FE7C-E836-4551-8FF3-174F35039AB3}.Release|Any CPU.Build.0 = Release|Any CPU
	EndGlobalSection
	GlobalSection(SolutionProperties) = preSolution
		HideSolutionNode = FALSE
	EndGlobalSection
	GlobalSection(ExtensibilityGlobals) = postSolution
		SolutionGuid = {6C4D41B7-FA67-48E8-B79A-907B680D6D9D}
	EndGlobalSection
EndGlobal
